
Microsoft Visual Studio Solution File, Format Version 12.00
# Visual Studio Version 17
VisualStudioVersion = 17.2.32516.85
MinimumVisualStudioVersion = 10.0.40219.1
Project("{FAE04EC0-301F-11D3-BF4B-00C04F79EFBC}") = "LBG-Popit", "LBG-Popit\LBG-Popit.csproj", "{01A5C76C-EBD0-4592-86EA-B01501A103D4}"
EndProject
Global
	GlobalSection(SolutionConfigurationPlatforms) = preSolution
		Debug|Any CPU = Debug|Any CPU
		Release|Any CPU = Release|Any CPU
	EndGlobalSection
	GlobalSection(ProjectConfigurationPlatforms) = postSolution
		{01A5C76C-EBD0-4592-86EA-B01501A103D4}.Debug|Any CPU.ActiveCfg = Debug|Any CPU
		{01A5C76C-EBD0-4592-86EA-B01501A103D4}.Debug|Any CPU.Build.0 = Debug|Any CPU
		{01A5C76C-EBD0-4592-86EA-B01501A103D4}.Release|Any CPU.ActiveCfg = Release|Any CPU
		{01A5C76C-EBD0-4592-86EA-B01501A103D4}.Release|Any CPU.Build.0 = Release|Any CPU
	EndGlobalSection
	GlobalSection(SolutionProperties) = preSolution
		HideSolutionNode = FALSE
	EndGlobalSection
	GlobalSection(ExtensibilityGlobals) = postSolution
		SolutionGuid = {B8F25960-B078-4E6C-BA2A-5AF5717BB636}
	EndGlobalSection
EndGlobal
